{
  "name": "airoute-cli",
  "version": "0.2.1",
  "lockfileVersion": 3,
  "requires": true,
  "packages": {
    "": {
      "name": "airoute-cli",
      "version": "0.2.1",
      "hasInstallScript": true,
      "license": "MIT",
      "bin": {
        "airoute": "bin/airoute.js"
      },
      "engines": {
        "node": ">=18"
      }
    }
  }
}
